<?xml version="1.0" encoding="utf-8"?>
<Project ToolsVersion="4.0" xmlns="http://schemas.microsoft.com/developer/msbuild/2003">
  <ItemGroup>
    <Filter Include="Src">
      <UniqueIdentifier>{3c7a53be-e081-41ec-be03-bdb9e7f83334}</UniqueIdentifier>
    </Filter>
    <Filter Include="Res">
      <UniqueIdentifier>{e8415925-1ea7-48c7-9404-218dbafe7450}</UniqueIdentifier>
    </Filter>
    <Filter Include="Res\Shader">
      <UniqueIdentifier>{8fa5aa9c-d326-41c3-90eb-994834370889}</UniqueIdentifier>
    </Filter>
    <Filter Include="Src\CoreEngine">
      <UniqueIdentifier>{0b11736f-96f0-4ae3-bed8-0e3229a58caa}</UniqueIdentifier>
    </Filter>
    <Filter Include="Src\Entity">
      <UniqueIdentifier>{92102be6-c52f-42ce-87ec-1d1b83d932b3}</UniqueIdentifier>
    </Filter>
    <Filter Include="Src\Animation">
      <UniqueIdentifier>{bc7fbeaf-dbd6-4bc9-82be-0fc5855f7739}</UniqueIdentifier>
    </Filter>
    <Filter Include="Src\Camera">
      <UniqueIdentifier>{ad5bfd12-e6b6-4716-8b46-fd14338dc283}</UniqueIdentifier>
    </Filter>
    <Filter Include="Src\Shape">
      <UniqueIdentifier>{935da450-b34d-4017-8983-3082c06a640f}</UniqueIdentifier>
    </Filter>
    <Filter Include="Src\Sprite">
      <UniqueIdentifier>{a3ba3e7e-c310-4c7c-a6b9-8dd0188fa2d5}</UniqueIdentifier>
    </Filter>
    <Filter Include="Src\Tools">
      <UniqueIdentifier>{5e9e4c61-cc0b-4531-9e8f-ec6bab979526}</UniqueIdentifier>
    </Filter>
    <Filter Include="Src\Tools\Collision Manager">
      <UniqueIdentifier>{346c3b18-6120-4cba-a100-894bb1c1dd33}</UniqueIdentifier>
    </Filter>
    <Filter Include="Src\Tools\DLL-Exp">
      <UniqueIdentifier>{5a66fd79-87f9-4499-86f7-83f9bbee5bc4}</UniqueIdentifier>
    </Filter>
    <Filter Include="Src\Tools\Error Log">
      <UniqueIdentifier>{899f03d1-b9bc-46ba-b74b-1ced75aa32ae}</UniqueIdentifier>
    </Filter>
    <Filter Include="Src\Tools\Frame">
      <UniqueIdentifier>{a1145155-c990-4adc-8a4e-48edec967d96}</UniqueIdentifier>
    </Filter>
    <Filter Include="Src\Tools\GLM-Math">
      <UniqueIdentifier>{44588c53-867c-4d5e-b068-d0a0b382e491}</UniqueIdentifier>
    </Filter>
    <Filter Include="Src\Tools\STB-Image">
      <UniqueIdentifier>{7158cd82-e8fb-4283-bc1e-34d155c31904}</UniqueIdentifier>
    </Filter>
    <Filter Include="Src\Tools\Texture Importer">
      <UniqueIdentifier>{528ecc94-19e6-45db-923f-47941285b898}</UniqueIdentifier>
    </Filter>
    <Filter Include="Src\Tools\Time">
      <UniqueIdentifier>{49ca4d9c-162f-4584-9745-517b95f63bdd}</UniqueIdentifier>
    </Filter>
    <Filter Include="Src\Tools\Vectors">
      <UniqueIdentifier>{a4e2275d-93c3-46f0-9fb8-1dfbd5185938}</UniqueIdentifier>
    </Filter>
    <Filter Include="Src\Material">
      <UniqueIdentifier>{29b23444-b5cc-4f33-aa3d-82c7bb824d50}</UniqueIdentifier>
    </Filter>
    <Filter Include="Src\Lights">
      <UniqueIdentifier>{7a7ee928-c1bd-4eae-a483-1c2dae892c25}</UniqueIdentifier>
    </Filter>
    <Filter Include="Src\3DImporter">
      <UniqueIdentifier>{2f84a1c4-70e5-4825-baf7-8d864cbc2d22}</UniqueIdentifier>
    </Filter>
    <Filter Include="Src\Plane">
      <UniqueIdentifier>{643a384a-33da-481d-b157-0b16006c0741}</UniqueIdentifier>
    </Filter>
    <Filter Include="Src\Transform">
      <UniqueIdentifier>{3ab39909-83fa-4bde-950c-e45d2d129dac}</UniqueIdentifier>
    </Filter>
    <Filter Include="Src\Frustum">
      <UniqueIdentifier>{695cf47e-3815-4ffd-93fe-157522df5fd8}</UniqueIdentifier>
    </Filter>
    <Filter Include="Src\BoundingVolume">
      <UniqueIdentifier>{8bf2e60f-1a0c-494c-b8e9-cdb4ad3559a2}</UniqueIdentifier>
    </Filter>
  </ItemGroup>
  <ItemGroup>
    <ClCompile Include="src\Shader.cpp">
      <Filter>Src</Filter>
    </ClCompile>
    <ClCompile Include="src\InputSystem.cpp">
      <Filter>Src</Filter>
    </ClCompile>
    <ClCompile Include="src\CoreEngine\BaseGame.cpp">
      <Filter>Src\CoreEngine</Filter>
    </ClCompile>
    <ClCompile Include="src\CoreEngine\Renderer.cpp">
      <Filter>Src\CoreEngine</Filter>
    </ClCompile>
    <ClCompile Include="src\CoreEngine\Window.cpp">
      <Filter>Src\CoreEngine</Filter>
    </ClCompile>
    <ClCompile Include="src\Entity\Entity.cpp">
      <Filter>Src\Entity</Filter>
    </ClCompile>
    <ClCompile Include="src\Entity\Entity2D.cpp">
      <Filter>Src\Entity</Filter>
    </ClCompile>
    <ClCompile Include="src\Entity\Entity3D.cpp">
      <Filter>Src\Entity</Filter>
    </ClCompile>
    <ClCompile Include="src\Animation\Animation.cpp">
      <Filter>Src\Animation</Filter>
    </ClCompile>
    <ClCompile Include="src\Camera\Camera.cpp">
      <Filter>Src\Camera</Filter>
    </ClCompile>
    <ClCompile Include="src\Shape\Shape.cpp">
      <Filter>Src\Shape</Filter>
    </ClCompile>
    <ClCompile Include="src\Shape\Shape3D.cpp">
      <Filter>Src\Shape</Filter>
    </ClCompile>
    <ClCompile Include="src\Sprite\Sprite.cpp">
      <Filter>Src\Sprite</Filter>
    </ClCompile>
    <ClCompile Include="src\Tools\Collision Manager\CollisionManager.cpp">
      <Filter>Src\Tools\Collision Manager</Filter>
    </ClCompile>
    <ClCompile Include="src\Tools\Error Log\ErrorLog.cpp">
      <Filter>Src\Tools\Error Log</Filter>
    </ClCompile>
    <ClCompile Include="src\Tools\Frame\Frame.cpp">
      <Filter>Src\Tools\Frame</Filter>
    </ClCompile>
    <ClCompile Include="src\Tools\STB-Image\stb_image.cpp">
      <Filter>Src\Tools\STB-Image</Filter>
    </ClCompile>
    <ClCompile Include="src\Tools\Texture Importer\TextureImporter.cpp">
      <Filter>Src\Tools\Texture Importer</Filter>
    </ClCompile>
    <ClCompile Include="src\Tools\Time\Time.cpp">
      <Filter>Src\Tools\Time</Filter>
    </ClCompile>
    <ClCompile Include="src\Material\Material.cpp">
      <Filter>Src\Material</Filter>
    </ClCompile>
    <ClCompile Include="src\Lights\Light.cpp">
      <Filter>Src\Lights</Filter>
    </ClCompile>
    <ClCompile Include="src\Lights\DirectionalLight.cpp">
      <Filter>Src\Lights</Filter>
    </ClCompile>
    <ClCompile Include="src\Lights\PointLight.cpp">
      <Filter>Src\Lights</Filter>
    </ClCompile>
    <ClCompile Include="src\Lights\SpotLight.cpp">
      <Filter>Src\Lights</Filter>
    </ClCompile>
    <ClCompile Include="src\3DImporter\Mesh.cpp">
      <Filter>Src\3DImporter</Filter>
    </ClCompile>
    <ClCompile Include="src\3DImporter\Model.cpp">
      <Filter>Src\3DImporter</Filter>
    </ClCompile>
    <ClCompile Include="src\3DImporter\ModelImporter.cpp">
      <Filter>Src\3DImporter</Filter>
    </ClCompile>
    <ClCompile Include="src\Plane\Plane.cpp">
      <Filter>Src\Plane</Filter>
    </ClCompile>
    <ClCompile Include="src\Transform\Transform.cpp">
      <Filter>Src\Transform</Filter>
    </ClCompile>
    <ClCompile Include="src\Frustum\Frustum.cpp">
      <Filter>Src\Frustum</Filter>
    </ClCompile>
    <ClCompile Include="src\BoundingVolume\BoundingVolume.cpp">
      <Filter>Src\BoundingVolume</Filter>
    </ClCompile>
    <ClCompile Include="src\BoundingVolume\Sphere.cpp">
      <Filter>Src\BoundingVolume</Filter>
    </ClCompile>
    <ClCompile Include="src\BoundingVolume\SquareAABB.cpp">
      <Filter>Src\BoundingVolume</Filter>
    </ClCompile>
    <ClCompile Include="src\BoundingVolume\AABB.cpp">
      <Filter>Src\BoundingVolume</Filter>
    </ClCompile>
  </ItemGroup>
  <ItemGroup>
    <ClInclude Include="src\Shader.h">
      <Filter>Src</Filter>
    </ClInclude>
    <ClInclude Include="src\InputSystem.h">
      <Filter>Src</Filter>
    </ClInclude>
    <ClInclude Include="src\CoreEngine\BaseGame.h">
      <Filter>Src\CoreEngine</Filter>
    </ClInclude>
    <ClInclude Include="src\CoreEngine\Renderer.h">
      <Filter>Src\CoreEngine</Filter>
    </ClInclude>
    <ClInclude Include="src\CoreEngine\Window.h">
      <Filter>Src\CoreEngine</Filter>
    </ClInclude>
    <ClInclude Include="src\Entity\Entity.h">
      <Filter>Src\Entity</Filter>
    </ClInclude>
    <ClInclude Include="src\Entity\Entity2D.h">
      <Filter>Src\Entity</Filter>
    </ClInclude>
    <ClInclude Include="src\Entity\Entity3D.h">
      <Filter>Src\Entity</Filter>
    </ClInclude>
    <ClInclude Include="src\Animation\Animation.h">
      <Filter>Src\Animation</Filter>
    </ClInclude>
    <ClInclude Include="src\Camera\Camera.h">
      <Filter>Src\Camera</Filter>
    </ClInclude>
    <ClInclude Include="src\Shape\Shape.h">
      <Filter>Src\Shape</Filter>
    </ClInclude>
    <ClInclude Include="src\Shape\Shape3D.h">
      <Filter>Src\Shape</Filter>
    </ClInclude>
    <ClInclude Include="src\Sprite\Sprite.h">
      <Filter>Src\Sprite</Filter>
    </ClInclude>
    <ClInclude Include="src\Tools\Collision Manager\CollisionManager.h">
      <Filter>Src\Tools\Collision Manager</Filter>
    </ClInclude>
    <ClInclude Include="src\Tools\DLL-Exp\dll-Exp-Inp.h">
      <Filter>Src\Tools\DLL-Exp</Filter>
    </ClInclude>
    <ClInclude Include="src\Tools\Error Log\ErrorLog.h">
      <Filter>Src\Tools\Error Log</Filter>
    </ClInclude>
    <ClInclude Include="src\Tools\Frame\Frame.h">
      <Filter>Src\Tools\Frame</Filter>
    </ClInclude>
    <ClInclude Include="src\Tools\GLM-Math\glm_math.h">
      <Filter>Src\Tools\GLM-Math</Filter>
    </ClInclude>
    <ClInclude Include="src\Tools\STB-Image\stb_image.h">
      <Filter>Src\Tools\STB-Image</Filter>
    </ClInclude>
    <ClInclude Include="src\Tools\Texture Importer\TextureImporter.h">
      <Filter>Src\Tools\Texture Importer</Filter>
    </ClInclude>
    <ClInclude Include="src\Tools\Time\Time.h">
      <Filter>Src\Tools\Time</Filter>
    </ClInclude>
    <ClInclude Include="src\Tools\Vectors\Vectors.h">
      <Filter>Src\Tools\Vectors</Filter>
    </ClInclude>
    <ClInclude Include="src\Material\Material.h">
      <Filter>Src\Material</Filter>
    </ClInclude>
    <ClInclude Include="src\Lights\Light.h">
      <Filter>Src\Lights</Filter>
    </ClInclude>
    <ClInclude Include="src\Lights\DirectionalLight.h">
      <Filter>Src\Lights</Filter>
    </ClInclude>
    <ClInclude Include="src\Lights\PointLight.h">
      <Filter>Src\Lights</Filter>
    </ClInclude>
    <ClInclude Include="src\Lights\SpotLight.h">
      <Filter>Src\Lights</Filter>
    </ClInclude>
    <ClInclude Include="src\3DImporter\Mesh.h">
      <Filter>Src\3DImporter</Filter>
    </ClInclude>
    <ClInclude Include="src\3DImporter\Model.h">
      <Filter>Src\3DImporter</Filter>
    </ClInclude>
    <ClInclude Include="src\3DImporter\ModelImporter.h">
      <Filter>Src\3DImporter</Filter>
    </ClInclude>
    <ClInclude Include="src\Plane\Plane.h">
      <Filter>Src\Plane</Filter>
    </ClInclude>
    <ClInclude Include="src\Transform\Transform.h">
      <Filter>Src\Transform</Filter>
    </ClInclude>
    <ClInclude Include="src\Frustum\Frustum.h">
      <Filter>Src\Frustum</Filter>
    </ClInclude>
    <ClInclude Include="src\BoundingVolume\BoundingVolume.h">
      <Filter>Src\BoundingVolume</Filter>
    </ClInclude>
    <ClInclude Include="src\BoundingVolume\Sphere.h">
      <Filter>Src\BoundingVolume</Filter>
    </ClInclude>
    <ClInclude Include="src\BoundingVolume\SquareAABB.h">
      <Filter>Src\BoundingVolume</Filter>
    </ClInclude>
    <ClInclude Include="src\BoundingVolume\AABB.h">
      <Filter>Src\BoundingVolume</Filter>
    </ClInclude>
  </ItemGroup>
  <ItemGroup>
    <None Include="Prueba\res\Shader\Primitive.Shader">
      <Filter>Res\Shader</Filter>
    </None>
    <None Include="Prueba\res\Shader\Texture.Shader">
      <Filter>Res\Shader</Filter>
    </None>
    <None Include="Prueba\res\Shader\Light.Shader">
      <Filter>Res\Shader</Filter>
    </None>
    <None Include="Prueba\res\Shader\LightCube.Shader">
      <Filter>Res\Shader</Filter>
    </None>
    <None Include="Prueba\res\Shader\MultipleLights.Shader">
      <Filter>Res\Shader</Filter>
    </None>
    <None Include="Prueba\res\Shader\Models.Shader">
      <Filter>Res\Shader</Filter>
    </None>
  </ItemGroup>
</Project>